{
  "version": 4,
  "terraform_version": "1.0.5",
  "serial": 417,
  "lineage": "a81c299e-d4e9-1043-cfae-faf70dfcfff0",
  "outputs": {
    "neptune_cluster_arn": {
      "value": "arn:aws:rds:us-east-1:410585721938:cluster:neptune-cluster-demons",
      "type": "string"
    }
  },
  "resources": [
    {
      "mode": "data",
      "type": "aws_availability_zones",
      "name": "available",
      "provider": "provider[\"registry.terraform.io/hashicorp/aws\"]",
      "instances": [
        {
          "schema_version": 0,
          "attributes": {
            "all_availability_zones": null,
            "exclude_names": null,
            "exclude_zone_ids": null,
            "filter": null,
            "group_names": [
              "us-east-1"
            ],
            "id": "us-east-1",
            "names": [
              "us-east-1a",
              "us-east-1b",
              "us-east-1c",
              "us-east-1d",
              "us-east-1e",
              "us-east-1f"
            ],
            "state": null,
            "zone_ids": [
              "use1-az6",
              "use1-az1",
              "use1-az2",
              "use1-az4",
              "use1-az3",
              "use1-az5"
            ]
          },
          "sensitive_attributes": []
        }
      ]
    },
    {
      "mode": "data",
      "type": "http",
      "name": "workstation-external-ip",
      "provider": "provider[\"registry.terraform.io/hashicorp/http\"]",
      "instances": [
        {
          "schema_version": 0,
          "attributes": {
            "body": "102.156.216.190\n",
            "id": "http://ipv4.icanhazip.com",
            "request_headers": null,
            "response_headers": {
              "Access-Control-Allow-Methods": "GET",
              "Access-Control-Allow-Origin": "*",
              "Alt-Svc": "h3-27=\":443\"; ma=86400, h3-28=\":443\"; ma=86400, h3-29=\":443\"; ma=86400, h3=\":443\"; ma=86400",
              "Cf-Ray": "6845260ecac25fbe-MRS",
              "Connection": "keep-alive",
              "Content-Length": "16",
              "Content-Type": "text/plain",
              "Date": "Wed, 25 Aug 2021 13:25:50 GMT",
              "Server": "cloudflare",
              "Set-Cookie": "__cf_bm=f33cb21cc74da8be9e01eacb0f7b08fff52b5871-1629897950-1800-AZS+ZNmdHscwXJvCCowz+tY/jfgW9BKzISAV+hjJP/7/kgs8wiA4aCL1WYZBQqf9gIP4iPBhU3/1zEv/ZF0u9Us=; path=/; expires=Wed, 25-Aug-21 13:55:50 GMT; domain=.icanhazip.com; HttpOnly; SameSite=None",
              "Vary": "Accept-Encoding"
            },
            "url": "http://ipv4.icanhazip.com"
          },
          "sensitive_attributes": []
        }
      ]
    },
    {
      "mode": "managed",
      "type": "aws_iam_instance_profile",
      "name": "profile",
      "provider": "provider[\"registry.terraform.io/hashicorp/aws\"]",
      "instances": [
        {
          "schema_version": 0,
          "attributes": {
            "arn": "arn:aws:iam::410585721938:instance-profile/profile",
            "create_date": "2021-08-25T12:01:30Z",
            "id": "profile",
            "name": "profile",
            "name_prefix": null,
            "path": "/",
            "role": "neptune_role",
            "tags": {},
            "tags_all": {},
            "unique_id": "AIPAV7GGQ5RJGIHZ3JGRJ"
          },
          "sensitive_attributes": [],
          "private": "bnVsbA==",
          "dependencies": [
            "aws_iam_role.role"
          ]
        }
      ]
    },
    {
      "mode": "managed",
      "type": "aws_iam_role",
      "name": "role",
      "provider": "provider[\"registry.terraform.io/hashicorp/aws\"]",
      "instances": [
        {
          "schema_version": 0,
          "attributes": {
            "arn": "arn:aws:iam::410585721938:role/neptune_role",
            "assume_role_policy": "{\"Version\":\"2012-10-17\",\"Statement\":[{\"Sid\":\"\",\"Effect\":\"Allow\",\"Principal\":{\"Service\":[\"rds.amazonaws.com\",\"ec2.amazonaws.com\"]},\"Action\":\"sts:AssumeRole\"}]}",
            "create_date": "2021-08-25T12:01:28Z",
            "description": "",
            "force_detach_policies": false,
            "id": "neptune_role",
            "inline_policy": [
              {
                "name": "",
                "policy": ""
              }
            ],
            "managed_policy_arns": [
              "arn:aws:iam::aws:policy/NeptuneFullAccess"
            ],
            "max_session_duration": 3600,
            "name": "neptune_role",
            "name_prefix": null,
            "path": "/",
            "permissions_boundary": null,
            "tags": {
              "Name": "tf-init-dev-test-role"
            },
            "tags_all": {
              "Name": "tf-init-dev-test-role"
            },
            "unique_id": "AROAV7GGQ5RJPHN4MRIBT"
          },
          "sensitive_attributes": [],
          "private": "bnVsbA=="
        }
      ]
    },
    {
      "mode": "managed",
      "type": "aws_iam_role_policy_attachment",
      "name": "neptune",
      "provider": "provider[\"registry.terraform.io/hashicorp/aws\"]",
      "instances": [
        {
          "schema_version": 0,
          "attributes": {
            "id": "neptune_role-20210825120132298100000002",
            "policy_arn": "arn:aws:iam::aws:policy/NeptuneFullAccess",
            "role": "neptune_role"
          },
          "sensitive_attributes": [],
          "private": "bnVsbA==",
          "dependencies": [
            "aws_iam_role.role"
          ]
        }
      ]
    },
    {
      "mode": "managed",
      "type": "aws_instance",
      "name": "neptune-ec2-connector",
      "provider": "provider[\"registry.terraform.io/hashicorp/aws\"]",
      "instances": [
        {
          "schema_version": 1,
          "attributes": {
            "ami": "ami-06cf15d6d096df5d2",
            "arn": "arn:aws:ec2:us-east-1:410585721938:instance/i-0cfe91c868b80441f",
            "associate_public_ip_address": true,
            "availability_zone": "us-east-1a",
            "capacity_reservation_specification": [
              {
                "capacity_reservation_preference": "open",
                "capacity_reservation_target": []
              }
            ],
            "cpu_core_count": 2,
            "cpu_threads_per_core": 1,
            "credit_specification": [],
            "disable_api_termination": false,
            "ebs_block_device": [],
            "ebs_optimized": false,
            "enclave_options": [
              {
                "enabled": false
              }
            ],
            "ephemeral_block_device": [],
            "get_password_data": false,
            "hibernation": false,
            "host_id": null,
            "iam_instance_profile": "",
            "id": "i-0cfe91c868b80441f",
            "instance_initiated_shutdown_behavior": "stop",
            "instance_state": "running",
            "instance_type": "t4g.nano",
            "ipv6_address_count": 0,
            "ipv6_addresses": [],
            "key_name": "terraform-20210825120127680300000001",
            "launch_template": [],
            "metadata_options": [
              {
                "http_endpoint": "enabled",
                "http_put_response_hop_limit": 1,
                "http_tokens": "optional"
              }
            ],
            "monitoring": false,
            "network_interface": [],
            "outpost_arn": "",
            "password_data": "",
            "placement_group": "",
            "primary_network_interface_id": "eni-066350ebc56932648",
            "private_dns": "ip-10-0-1-236.ec2.internal",
            "private_ip": "10.0.1.236",
            "public_dns": "",
            "public_ip": "54.175.161.37",
            "root_block_device": [
              {
                "delete_on_termination": true,
                "device_name": "/dev/xvda",
                "encrypted": false,
                "iops": 100,
                "kms_key_id": "",
                "tags": {},
                "throughput": 0,
                "volume_id": "vol-07fe20335b97b0e75",
                "volume_size": 8,
                "volume_type": "gp2"
              }
            ],
            "secondary_private_ips": [],
            "security_groups": [],
            "source_dest_check": true,
            "subnet_id": "subnet-07712fd3ddb8f4496",
            "tags": {
              "Name": "tf-init-dev-ec2-sg"
            },
            "tags_all": {
              "Name": "tf-init-dev-ec2-sg"
            },
            "tenancy": "default",
            "timeouts": null,
            "user_data": null,
            "user_data_base64": null,
            "volume_tags": null,
            "vpc_security_group_ids": [
              "sg-0cac0e6d47c4822de"
            ]
          },
          "sensitive_attributes": [],
          "private": "eyJlMmJmYjczMC1lY2FhLTExZTYtOGY4OC0zNDM2M2JjN2M0YzAiOnsiY3JlYXRlIjo2MDAwMDAwMDAwMDAsImRlbGV0ZSI6MTIwMDAwMDAwMDAwMCwidXBkYXRlIjo2MDAwMDAwMDAwMDB9LCJzY2hlbWFfdmVyc2lvbiI6IjEifQ==",
          "dependencies": [
            "data.aws_availability_zones.available",
            "data.http.workstation-external-ip",
            "aws_key_pair.auth",
            "aws_security_group.bastion_sg",
            "aws_subnet.subnet1",
            "aws_vpc.vpc"
          ]
        }
      ]
    },
    {
      "mode": "managed",
      "type": "aws_internet_gateway",
      "name": "default",
      "provider": "provider[\"registry.terraform.io/hashicorp/aws\"]",
      "instances": [
        {
          "schema_version": 0,
          "attributes": {
            "arn": "arn:aws:ec2:us-east-1:410585721938:internet-gateway/igw-01361a7fa9c8c36e8",
            "id": "igw-01361a7fa9c8c36e8",
            "owner_id": "410585721938",
            "tags": {
              "Name": "tf-init-dev-ec2-sg"
            },
            "tags_all": {
              "Name": "tf-init-dev-ec2-sg"
            },
            "vpc_id": "vpc-01355d33c0b25ab2a"
          },
          "sensitive_attributes": [],
          "private": "bnVsbA==",
          "dependencies": [
            "aws_vpc.vpc"
          ]
        }
      ]
    },
    {
      "mode": "managed",
      "type": "aws_key_pair",
      "name": "auth",
      "provider": "provider[\"registry.terraform.io/hashicorp/aws\"]",
      "instances": [
        {
          "schema_version": 1,
          "attributes": {
            "arn": "arn:aws:ec2:us-east-1:410585721938:key-pair/terraform-20210825120127680300000001",
            "fingerprint": "46:0d:9f:57:b7:a7:b3:f7:37:7d:9a:6b:8e:7f:3a:37",
            "id": "terraform-20210825120127680300000001",
            "key_name": "terraform-20210825120127680300000001",
            "key_name_prefix": null,
            "key_pair_id": "key-0b4cd79a2199d32b3",
            "public_key": "ssh-rsa AAAAB3NzaC1yc2EAAAADAQABAAABgQC/1cUunfPY2ij7AwsDL8Rq9Ggq84GRIXK1g1yCJWyKbkXuH+iBOSAS+Ta4LxobqgLltbsKKAgjoD3dN3CoLaKxbII80r7bYiMukIkCJOlggijThGHiNTERKvDV08As1QzS4Td05fNdYccg9q1wNHlF0mN8ZObtyxtDv23VZejZzdKO6Ok6LuIy/Qiy21r/z9FOwNg3Xj4El0Qkb2rqJl9ar89AYjhPUyXfVDQ4Y8vSG/gB+0OHqj3aakIvVmwEXFYtUBCXhLHheUaRm6RrBYEBtCXhEkfpgvSIv/TH4trglEh4cWCgVKHBRLGJ5wHOjlUt3/hDo4e8Q+oqsjoiNX6oU5TdKRt6Wzuu6G/CoI++YiChDEF9achIBNdpK/dX8XjuQvXYkfMidcIbN1JvvD861QhBDGYfh1RIGu9qv9jGxv2iBNU70f8lqrlQZO/2w6NsuL2NNnk5E4wODVWq7egLhDdaRVhNPHaNHKjQ2PkR8SSRULfB9lbWEmgpyZzK+fU= ubuntu@worker1",
            "tags": {
              "Name": "tf-init-dev-ec2-sg"
            },
            "tags_all": {
              "Name": "tf-init-dev-ec2-sg"
            }
          },
          "sensitive_attributes": [],
          "private": "eyJzY2hlbWFfdmVyc2lvbiI6IjEifQ=="
        }
      ]
    },
    {
      "mode": "managed",
      "type": "aws_neptune_cluster",
      "name": "cluster",
      "provider": "provider[\"registry.terraform.io/hashicorp/aws\"]",
      "instances": [
        {
          "schema_version": 0,
          "attributes": {
            "apply_immediately": true,
            "arn": "arn:aws:rds:us-east-1:410585721938:cluster:neptune-cluster-demons",
            "availability_zones": [
              "us-east-1a",
              "us-east-1b",
              "us-east-1f"
            ],
            "backup_retention_period": 5,
            "cluster_identifier": "neptune-cluster-demons",
            "cluster_identifier_prefix": null,
            "cluster_members": [
              "tf-20210825120309398200000003"
            ],
            "cluster_resource_id": "cluster-5FOZUNTQETPSNK2EUD6SLWGHDY",
            "copy_tags_to_snapshot": true,
            "deletion_protection": false,
            "enable_cloudwatch_logs_exports": [],
            "endpoint": "neptune-cluster-demons.cluster-cxe5irpimtve.us-east-1.neptune.amazonaws.com",
            "engine": "neptune",
            "engine_version": "1.0.5.0",
            "final_snapshot_identifier": null,
            "hosted_zone_id": "ZUFXD4SLT2LS7",
            "iam_database_authentication_enabled": false,
            "iam_roles": [
              "arn:aws:iam::410585721938:role/neptune_role"
            ],
            "id": "neptune-cluster-demons",
            "kms_key_arn": "",
            "neptune_cluster_parameter_group_name": "param-group",
            "neptune_subnet_group_name": "subnet-group",
            "port": 8182,
            "preferred_backup_window": "07:00-09:00",
            "preferred_maintenance_window": "wed:04:00-wed:04:30",
            "reader_endpoint": "neptune-cluster-demons.cluster-ro-cxe5irpimtve.us-east-1.neptune.amazonaws.com",
            "replication_source_identifier": "",
            "skip_final_snapshot": true,
            "snapshot_identifier": "",
            "storage_encrypted": false,
            "tags": {
              "Name": "tf-init-dev-ec2-sg"
            },
            "tags_all": {
              "Name": "tf-init-dev-ec2-sg"
            },
            "timeouts": null,
            "vpc_security_group_ids": [
              "sg-0281720a421cae943"
            ]
          },
          "sensitive_attributes": [],
          "private": "eyJlMmJmYjczMC1lY2FhLTExZTYtOGY4OC0zNDM2M2JjN2M0YzAiOnsiY3JlYXRlIjo3MjAwMDAwMDAwMDAwLCJkZWxldGUiOjcyMDAwMDAwMDAwMDAsInVwZGF0ZSI6NzIwMDAwMDAwMDAwMH19",
          "dependencies": [
            "aws_security_group.neptune_sg",
            "aws_subnet.subnet1",
            "aws_subnet.subnet2",
            "aws_vpc.vpc",
            "data.aws_availability_zones.available",
            "aws_iam_role.role",
            "aws_neptune_cluster_parameter_group.param_group",
            "aws_neptune_subnet_group.subnet_group"
          ]
        }
      ]
    },
    {
      "mode": "managed",
      "type": "aws_neptune_cluster_instance",
      "name": "cluster_instance",
      "provider": "provider[\"registry.terraform.io/hashicorp/aws\"]",
      "instances": [
        {
          "index_key": 0,
          "schema_version": 0,
          "attributes": {
            "address": "tf-20210825120309398200000003.cxe5irpimtve.us-east-1.neptune.amazonaws.com",
            "apply_immediately": true,
            "arn": "arn:aws:rds:us-east-1:410585721938:db:tf-20210825120309398200000003",
            "auto_minor_version_upgrade": true,
            "availability_zone": "us-east-1b",
            "cluster_identifier": "neptune-cluster-demons",
            "dbi_resource_id": "db-TV7P6I6K52OC43YDCQ3UULXS7Y",
            "endpoint": "tf-20210825120309398200000003.cxe5irpimtve.us-east-1.neptune.amazonaws.com:8182",
            "engine": "neptune",
            "engine_version": "1.0.5.0",
            "id": "tf-20210825120309398200000003",
            "identifier": "tf-20210825120309398200000003",
            "identifier_prefix": null,
            "instance_class": "db.t3.medium",
            "kms_key_arn": "",
            "neptune_parameter_group_name": "default.neptune1",
            "neptune_subnet_group_name": "subnet-group",
            "port": 8182,
            "preferred_backup_window": "07:00-09:00",
            "preferred_maintenance_window": "sun:07:44-sun:08:14",
            "promotion_tier": 0,
            "publicly_accessible": false,
            "storage_encrypted": false,
            "tags": {
              "Name": "tf-init-dev-ec2-sg"
            },
            "tags_all": {
              "Name": "tf-init-dev-ec2-sg"
            },
            "timeouts": null,
            "writer": true
          },
          "sensitive_attributes": [],
          "private": "eyJlMmJmYjczMC1lY2FhLTExZTYtOGY4OC0zNDM2M2JjN2M0YzAiOnsiY3JlYXRlIjo1NDAwMDAwMDAwMDAwLCJkZWxldGUiOjU0MDAwMDAwMDAwMDAsInVwZGF0ZSI6NTQwMDAwMDAwMDAwMH19",
          "dependencies": [
            "aws_subnet.subnet1",
            "aws_security_group.neptune_sg",
            "aws_subnet.subnet2",
            "aws_vpc.vpc",
            "data.aws_availability_zones.available",
            "aws_iam_role.role",
            "aws_neptune_cluster.cluster",
            "aws_neptune_cluster_parameter_group.param_group",
            "aws_neptune_subnet_group.subnet_group"
          ]
        }
      ]
    },
    {
      "mode": "managed",
      "type": "aws_neptune_cluster_parameter_group",
      "name": "param_group",
      "provider": "provider[\"registry.terraform.io/hashicorp/aws\"]",
      "instances": [
        {
          "schema_version": 0,
          "attributes": {
            "arn": "arn:aws:rds:us-east-1:410585721938:cluster-pg:param-group",
            "description": "neptune cluster parameter group",
            "family": "neptune1",
            "id": "param-group",
            "name": "param-group",
            "name_prefix": null,
            "parameter": [
              {
                "apply_method": "pending-reboot",
                "name": "neptune_enable_audit_log",
                "value": "1"
              }
            ],
            "tags": {},
            "tags_all": {}
          },
          "sensitive_attributes": [],
          "private": "bnVsbA=="
        }
      ]
    },
    {
      "mode": "managed",
      "type": "aws_neptune_subnet_group",
      "name": "subnet_group",
      "provider": "provider[\"registry.terraform.io/hashicorp/aws\"]",
      "instances": [
        {
          "schema_version": 0,
          "attributes": {
            "arn": "arn:aws:rds:us-east-1:410585721938:subgrp:subnet-group",
            "description": "Managed by Terraform",
            "id": "subnet-group",
            "name": "subnet-group",
            "name_prefix": null,
            "subnet_ids": [
              "subnet-0641cc7a7a650bced",
              "subnet-07712fd3ddb8f4496"
            ],
            "tags": {
              "Name": "tf-init-dev-ec2-sg"
            },
            "tags_all": {
              "Name": "tf-init-dev-ec2-sg"
            }
          },
          "sensitive_attributes": [],
          "private": "bnVsbA==",
          "dependencies": [
            "aws_subnet.subnet1",
            "aws_subnet.subnet2",
            "aws_vpc.vpc",
            "data.aws_availability_zones.available"
          ]
        }
      ]
    },
    {
      "mode": "managed",
      "type": "aws_route",
      "name": "internet_access",
      "provider": "provider[\"registry.terraform.io/hashicorp/aws\"]",
      "instances": [
        {
          "schema_version": 0,
          "attributes": {
            "carrier_gateway_id": "",
            "destination_cidr_block": "0.0.0.0/0",
            "destination_ipv6_cidr_block": "",
            "destination_prefix_list_id": "",
            "egress_only_gateway_id": "",
            "gateway_id": "igw-01361a7fa9c8c36e8",
            "id": "r-rtb-0eba3f0afceda3a511080289494",
            "instance_id": "",
            "instance_owner_id": "",
            "local_gateway_id": "",
            "nat_gateway_id": "",
            "network_interface_id": "",
            "origin": "CreateRoute",
            "route_table_id": "rtb-0eba3f0afceda3a51",
            "state": "active",
            "timeouts": null,
            "transit_gateway_id": "",
            "vpc_endpoint_id": "",
            "vpc_peering_connection_id": ""
          },
          "sensitive_attributes": [],
          "private": "eyJlMmJmYjczMC1lY2FhLTExZTYtOGY4OC0zNDM2M2JjN2M0YzAiOnsiY3JlYXRlIjoxMjAwMDAwMDAwMDAsImRlbGV0ZSI6MzAwMDAwMDAwMDAwfX0=",
          "dependencies": [
            "aws_internet_gateway.default",
            "aws_vpc.vpc"
          ]
        }
      ]
    },
    {
      "mode": "managed",
      "type": "aws_security_group",
      "name": "bastion_sg",
      "provider": "provider[\"registry.terraform.io/hashicorp/aws\"]",
      "instances": [
        {
          "schema_version": 1,
          "attributes": {
            "arn": "arn:aws:ec2:us-east-1:410585721938:security-group/sg-0cac0e6d47c4822de",
            "description": "Bastion",
            "egress": [
              {
                "cidr_blocks": [
                  "0.0.0.0/0"
                ],
                "description": "",
                "from_port": 0,
                "ipv6_cidr_blocks": [],
                "prefix_list_ids": [],
                "protocol": "-1",
                "security_groups": [],
                "self": false,
                "to_port": 0
              }
            ],
            "id": "sg-0cac0e6d47c4822de",
            "ingress": [
              {
                "cidr_blocks": [
                  "102.156.216.190/32"
                ],
                "description": "",
                "from_port": 22,
                "ipv6_cidr_blocks": [],
                "prefix_list_ids": [],
                "protocol": "tcp",
                "security_groups": [],
                "self": false,
                "to_port": 22
              }
            ],
            "name": "bastion-sg",
            "name_prefix": "",
            "owner_id": "410585721938",
            "revoke_rules_on_delete": false,
            "tags": {
              "Name": "tf-init-dev-ec2-sg"
            },
            "tags_all": {
              "Name": "tf-init-dev-ec2-sg"
            },
            "timeouts": null,
            "vpc_id": "vpc-01355d33c0b25ab2a"
          },
          "sensitive_attributes": [],
          "private": "eyJlMmJmYjczMC1lY2FhLTExZTYtOGY4OC0zNDM2M2JjN2M0YzAiOnsiY3JlYXRlIjo2MDAwMDAwMDAwMDAsImRlbGV0ZSI6OTAwMDAwMDAwMDAwfSwic2NoZW1hX3ZlcnNpb24iOiIxIn0=",
          "dependencies": [
            "aws_vpc.vpc",
            "data.http.workstation-external-ip"
          ]
        }
      ]
    },
    {
      "mode": "managed",
      "type": "aws_security_group",
      "name": "neptune_sg",
      "provider": "provider[\"registry.terraform.io/hashicorp/aws\"]",
      "instances": [
        {
          "schema_version": 1,
          "attributes": {
            "arn": "arn:aws:ec2:us-east-1:410585721938:security-group/sg-0281720a421cae943",
            "description": "Neptune",
            "egress": [
              {
                "cidr_blocks": [
                  "0.0.0.0/0"
                ],
                "description": "",
                "from_port": 0,
                "ipv6_cidr_blocks": [],
                "prefix_list_ids": [],
                "protocol": "-1",
                "security_groups": [],
                "self": false,
                "to_port": 0
              }
            ],
            "id": "sg-0281720a421cae943",
            "ingress": [
              {
                "cidr_blocks": [
                  "0.0.0.0/0"
                ],
                "description": "",
                "from_port": 8182,
                "ipv6_cidr_blocks": [],
                "prefix_list_ids": [],
                "protocol": "tcp",
                "security_groups": [],
                "self": false,
                "to_port": 8182
              }
            ],
            "name": "neptune-sg",
            "name_prefix": "",
            "owner_id": "410585721938",
            "revoke_rules_on_delete": false,
            "tags": {
              "Name": "tf-init-dev-ec2-sg"
            },
            "tags_all": {
              "Name": "tf-init-dev-ec2-sg"
            },
            "timeouts": null,
            "vpc_id": "vpc-01355d33c0b25ab2a"
          },
          "sensitive_attributes": [],
          "private": "eyJlMmJmYjczMC1lY2FhLTExZTYtOGY4OC0zNDM2M2JjN2M0YzAiOnsiY3JlYXRlIjo2MDAwMDAwMDAwMDAsImRlbGV0ZSI6OTAwMDAwMDAwMDAwfSwic2NoZW1hX3ZlcnNpb24iOiIxIn0=",
          "dependencies": [
            "aws_vpc.vpc"
          ]
        }
      ]
    },
    {
      "mode": "managed",
      "type": "aws_subnet",
      "name": "subnet1",
      "provider": "provider[\"registry.terraform.io/hashicorp/aws\"]",
      "instances": [
        {
          "schema_version": 1,
          "attributes": {
            "arn": "arn:aws:ec2:us-east-1:410585721938:subnet/subnet-07712fd3ddb8f4496",
            "assign_ipv6_address_on_creation": false,
            "availability_zone": "us-east-1a",
            "availability_zone_id": "use1-az6",
            "cidr_block": "10.0.1.0/24",
            "customer_owned_ipv4_pool": "",
            "id": "subnet-07712fd3ddb8f4496",
            "ipv6_cidr_block": "",
            "ipv6_cidr_block_association_id": "",
            "map_customer_owned_ip_on_launch": false,
            "map_public_ip_on_launch": true,
            "outpost_arn": "",
            "owner_id": "410585721938",
            "tags": {
              "Name": "tf-init-dev-ec2-sg"
            },
            "tags_all": {
              "Name": "tf-init-dev-ec2-sg"
            },
            "timeouts": null,
            "vpc_id": "vpc-01355d33c0b25ab2a"
          },
          "sensitive_attributes": [],
          "private": "eyJlMmJmYjczMC1lY2FhLTExZTYtOGY4OC0zNDM2M2JjN2M0YzAiOnsiY3JlYXRlIjo2MDAwMDAwMDAwMDAsImRlbGV0ZSI6MTIwMDAwMDAwMDAwMH0sInNjaGVtYV92ZXJzaW9uIjoiMSJ9",
          "dependencies": [
            "aws_vpc.vpc",
            "data.aws_availability_zones.available"
          ]
        }
      ]
    },
    {
      "mode": "managed",
      "type": "aws_subnet",
      "name": "subnet2",
      "provider": "provider[\"registry.terraform.io/hashicorp/aws\"]",
      "instances": [
        {
          "schema_version": 1,
          "attributes": {
            "arn": "arn:aws:ec2:us-east-1:410585721938:subnet/subnet-0641cc7a7a650bced",
            "assign_ipv6_address_on_creation": false,
            "availability_zone": "us-east-1b",
            "availability_zone_id": "use1-az1",
            "cidr_block": "10.0.2.0/24",
            "customer_owned_ipv4_pool": "",
            "id": "subnet-0641cc7a7a650bced",
            "ipv6_cidr_block": "",
            "ipv6_cidr_block_association_id": "",
            "map_customer_owned_ip_on_launch": false,
            "map_public_ip_on_launch": true,
            "outpost_arn": "",
            "owner_id": "410585721938",
            "tags": {
              "Name": "tf-init-dev-ec2-sg"
            },
            "tags_all": {
              "Name": "tf-init-dev-ec2-sg"
            },
            "timeouts": null,
            "vpc_id": "vpc-01355d33c0b25ab2a"
          },
          "sensitive_attributes": [],
          "private": "eyJlMmJmYjczMC1lY2FhLTExZTYtOGY4OC0zNDM2M2JjN2M0YzAiOnsiY3JlYXRlIjo2MDAwMDAwMDAwMDAsImRlbGV0ZSI6MTIwMDAwMDAwMDAwMH0sInNjaGVtYV92ZXJzaW9uIjoiMSJ9",
          "dependencies": [
            "aws_vpc.vpc",
            "data.aws_availability_zones.available"
          ]
        }
      ]
    },
    {
      "mode": "managed",
      "type": "aws_vpc",
      "name": "vpc",
      "provider": "provider[\"registry.terraform.io/hashicorp/aws\"]",
      "instances": [
        {
          "schema_version": 1,
          "attributes": {
            "arn": "arn:aws:ec2:us-east-1:410585721938:vpc/vpc-01355d33c0b25ab2a",
            "assign_generated_ipv6_cidr_block": false,
            "cidr_block": "10.0.0.0/16",
            "default_network_acl_id": "acl-0b51956ddc9e9cb60",
            "default_route_table_id": "rtb-0eba3f0afceda3a51",
            "default_security_group_id": "sg-003b9f1e0a9c2312f",
            "dhcp_options_id": "dopt-b090d0ca",
            "enable_classiclink": false,
            "enable_classiclink_dns_support": false,
            "enable_dns_hostnames": false,
            "enable_dns_support": true,
            "id": "vpc-01355d33c0b25ab2a",
            "instance_tenancy": "default",
            "ipv6_association_id": "",
            "ipv6_cidr_block": "",
            "main_route_table_id": "rtb-0eba3f0afceda3a51",
            "owner_id": "410585721938",
            "tags": {
              "Name": "tf-init-dev-VPC"
            },
            "tags_all": {
              "Name": "tf-init-dev-VPC"
            }
          },
          "sensitive_attributes": [],
          "private": "eyJzY2hlbWFfdmVyc2lvbiI6IjEifQ=="
        }
      ]
    }
  ]
}
